
Microsoft Visual Studio Solution File, Format Version 12.00
Project("{2150E333-8FDC-42A3-9474-1A3956D46DE8}") = "src", "src", "{65985602-802A-4524-B168-EF765402502D}"
EndProject
Project("{2150E333-8FDC-42A3-9474-1A3956D46DE8}") = "test", "test", "{541C9D92-0DF0-4872-B2B4-46513214FD43}"
EndProject
Project("{FAE04EC0-301F-11D3-BF4B-00C04F79EFBC}") = "GoldenReports.Application.UnitTests", "GoldenReports.Application.UnitTests\GoldenReports.Application.UnitTests.csproj", "{B9D4DCA6-4DBF-458F-817A-C9D6CC64C8DE}"
EndProject
Project("{2150E333-8FDC-42A3-9474-1A3956D46DE8}") = "API", "API", "{EEC08C2A-49A4-4C2F-B01C-375773061114}"
EndProject
Project("{2150E333-8FDC-42A3-9474-1A3956D46DE8}") = "Core", "Core", "{E5664204-ABEC-4EB0-8D81-85B0D1AC043C}"
EndProject
Project("{2150E333-8FDC-42A3-9474-1A3956D46DE8}") = "Infrastructure", "Infrastructure", "{1C54D7ED-194F-411E-9B06-968DC3075841}"
EndProject
Project("{FAE04EC0-301F-11D3-BF4B-00C04F79EFBC}") = "GoldenReports.API", "GoldenReports.API\GoldenReports.API.csproj", "{3A6EFCB8-68E4-41D7-A2B5-60768E32EEDF}"
EndProject
Project("{FAE04EC0-301F-11D3-BF4B-00C04F79EFBC}") = "GoldenReports.Domain", "GoldenReports.Domain\GoldenReports.Domain.csproj", "{DC056E41-688B-4B63-9A3F-61E362250C06}"
EndProject
Project("{FAE04EC0-301F-11D3-BF4B-00C04F79EFBC}") = "GoldenReports.Application", "GoldenReports.Application\GoldenReports.Application.csproj", "{EE8BDD5F-FF76-4E15-981A-C143BB04C2B3}"
EndProject
Project("{FAE04EC0-301F-11D3-BF4B-00C04F79EFBC}") = "GoldenReports.Persistence", "GoldenReports.Persistence\GoldenReports.Persistence.csproj", "{351581F0-C85C-4574-81AF-673DE1C07FFF}"
EndProject
Project("{FAE04EC0-301F-11D3-BF4B-00C04F79EFBC}") = "GoldenReports.DataProvider.PostgreSQL", "GoldenReports.DataProvider.PostgreSQL\GoldenReports.DataProvider.PostgreSQL.csproj", "{488AEBF1-BF9A-4BBD-8F2D-8DF8B23F0668}"
EndProject
Global
	GlobalSection(SolutionConfigurationPlatforms) = preSolution
		Debug|Any CPU = Debug|Any CPU
		Release|Any CPU = Release|Any CPU
	EndGlobalSection
	GlobalSection(NestedProjects) = preSolution
		{B9D4DCA6-4DBF-458F-817A-C9D6CC64C8DE} = {541C9D92-0DF0-4872-B2B4-46513214FD43}
		{EEC08C2A-49A4-4C2F-B01C-375773061114} = {65985602-802A-4524-B168-EF765402502D}
		{E5664204-ABEC-4EB0-8D81-85B0D1AC043C} = {65985602-802A-4524-B168-EF765402502D}
		{1C54D7ED-194F-411E-9B06-968DC3075841} = {65985602-802A-4524-B168-EF765402502D}
		{3A6EFCB8-68E4-41D7-A2B5-60768E32EEDF} = {EEC08C2A-49A4-4C2F-B01C-375773061114}
		{DC056E41-688B-4B63-9A3F-61E362250C06} = {E5664204-ABEC-4EB0-8D81-85B0D1AC043C}
		{EE8BDD5F-FF76-4E15-981A-C143BB04C2B3} = {E5664204-ABEC-4EB0-8D81-85B0D1AC043C}
		{351581F0-C85C-4574-81AF-673DE1C07FFF} = {1C54D7ED-194F-411E-9B06-968DC3075841}
		{488AEBF1-BF9A-4BBD-8F2D-8DF8B23F0668} = {1C54D7ED-194F-411E-9B06-968DC3075841}
	EndGlobalSection
	GlobalSection(ProjectConfigurationPlatforms) = postSolution
		{B9D4DCA6-4DBF-458F-817A-C9D6CC64C8DE}.Debug|Any CPU.ActiveCfg = Debug|Any CPU
		{B9D4DCA6-4DBF-458F-817A-C9D6CC64C8DE}.Debug|Any CPU.Build.0 = Debug|Any CPU
		{B9D4DCA6-4DBF-458F-817A-C9D6CC64C8DE}.Release|Any CPU.ActiveCfg = Release|Any CPU
		{B9D4DCA6-4DBF-458F-817A-C9D6CC64C8DE}.Release|Any CPU.Build.0 = Release|Any CPU
		{3A6EFCB8-68E4-41D7-A2B5-60768E32EEDF}.Debug|Any CPU.ActiveCfg = Debug|Any CPU
		{3A6EFCB8-68E4-41D7-A2B5-60768E32EEDF}.Debug|Any CPU.Build.0 = Debug|Any CPU
		{3A6EFCB8-68E4-41D7-A2B5-60768E32EEDF}.Release|Any CPU.ActiveCfg = Release|Any CPU
		{3A6EFCB8-68E4-41D7-A2B5-60768E32EEDF}.Release|Any CPU.Build.0 = Release|Any CPU
		{DC056E41-688B-4B63-9A3F-61E362250C06}.Debug|Any CPU.ActiveCfg = Debug|Any CPU
		{DC056E41-688B-4B63-9A3F-61E362250C06}.Debug|Any CPU.Build.0 = Debug|Any CPU
		{DC056E41-688B-4B63-9A3F-61E362250C06}.Release|Any CPU.ActiveCfg = Release|Any CPU
		{DC056E41-688B-4B63-9A3F-61E362250C06}.Release|Any CPU.Build.0 = Release|Any CPU
		{EE8BDD5F-FF76-4E15-981A-C143BB04C2B3}.Debug|Any CPU.ActiveCfg = Debug|Any CPU
		{EE8BDD5F-FF76-4E15-981A-C143BB04C2B3}.Debug|Any CPU.Build.0 = Debug|Any CPU
		{EE8BDD5F-FF76-4E15-981A-C143BB04C2B3}.Release|Any CPU.ActiveCfg = Release|Any CPU
		{EE8BDD5F-FF76-4E15-981A-C143BB04C2B3}.Release|Any CPU.Build.0 = Release|Any CPU
		{351581F0-C85C-4574-81AF-673DE1C07FFF}.Debug|Any CPU.ActiveCfg = Debug|Any CPU
		{351581F0-C85C-4574-81AF-673DE1C07FFF}.Debug|Any CPU.Build.0 = Debug|Any CPU
		{351581F0-C85C-4574-81AF-673DE1C07FFF}.Release|Any CPU.ActiveCfg = Release|Any CPU
		{351581F0-C85C-4574-81AF-673DE1C07FFF}.Release|Any CPU.Build.0 = Release|Any CPU
		{488AEBF1-BF9A-4BBD-8F2D-8DF8B23F0668}.Debug|Any CPU.ActiveCfg = Debug|Any CPU
		{488AEBF1-BF9A-4BBD-8F2D-8DF8B23F0668}.Debug|Any CPU.Build.0 = Debug|Any CPU
		{488AEBF1-BF9A-4BBD-8F2D-8DF8B23F0668}.Release|Any CPU.ActiveCfg = Release|Any CPU
		{488AEBF1-BF9A-4BBD-8F2D-8DF8B23F0668}.Release|Any CPU.Build.0 = Release|Any CPU
	EndGlobalSection
EndGlobal
